// !$*UTF8*$!
{
	archiveVersion = 1;
	classes = {
	};
	objectVersion = 50;
	objects = {

/* Begin PBXBuildFile section */
		326A3ED020ADBFA800F489C2 /* TableViewController.swift in Sources */ = {isa = PBXBuildFile; fileRef = 326A3ECF20ADBFA800F489C2 /* TableViewController.swift */; };
		326F053020AC7ABA0032EBA8 /* AppDelegate.swift in Sources */ = {isa = PBXBuildFile; fileRef = 326F052F20AC7ABA0032EBA8 /* AppDelegate.swift */; };
		326F053520AC7ABA0032EBA8 /* Main.storyboard in Resources */ = {isa = PBXBuildFile; fileRef = 326F053320AC7ABA0032EBA8 /* Main.storyboard */; };
		326F053720AC7ABC0032EBA8 /* Assets.xcassets in Resources */ = {isa = PBXBuildFile; fileRef = 326F053620AC7ABC0032EBA8 /* Assets.xcassets */; };
		326F053A20AC7ABC0032EBA8 /* LaunchScreen.storyboard in Resources */ = {isa = PBXBuildFile; fileRef = 326F053820AC7ABC0032EBA8 /* LaunchScreen.storyboard */; };
/* End PBXBuildFile section */

/* Begin PBXFileReference section */
		326A3ECF20ADBFA800F489C2 /* TableViewController.swift */ = {isa = PBXFileReference; lastKnownFileType = sourcecode.swift; path = TableViewController.swift; sourceTree = "<group>"; };
		326F052C20AC7ABA0032EBA8 /* foodsharingapp.app */ = {isa = PBXFileReference; explicitFileType = wrapper.application; includeInIndex = 0; path = foodsharingapp.app; sourceTree = BUILT_PRODUCTS_DIR; };
		326F052F20AC7ABA0032EBA8 /* AppDelegate.swift */ = {isa = PBXFileReference; lastKnownFileType = sourcecode.swift; path = AppDelegate.swift; sourceTree = "<group>"; };
		326F053420AC7ABA0032EBA8 /* Base */ = {isa = PBXFileReference; lastKnownFileType = file.storyboard; name = Base; path = Base.lproj/Main.storyboard; sourceTree = "<group>"; };
		326F053620AC7ABC0032EBA8 /* Assets.xcassets */ = {isa = PBXFileReference; lastKnownFileType = folder.assetcatalog; path = Assets.xcassets; sourceTree = "<group>"; };
		326F053920AC7ABC0032EBA8 /* Base */ = {isa = PBXFileReference; lastKnownFileType = file.storyboard; name = Base; path = Base.lproj/LaunchScreen.storyboard; sourceTree = "<group>"; };
		326F053B20AC7ABC0032EBA8 /* Info.plist */ = {isa = PBXFileReference; lastKnownFileType = text.plist.xml; path = Info.plist; sourceTree = "<group>"; };
/* End PBXFileReference section */

/* Begin PBXFrameworksBuildPhase section */
		326F052920AC7ABA0032EBA8 /* Frameworks */ = {
			isa = PBXFrameworksBuildPhase;
			buildActionMask = 2147483647;
			files = (
			);
			runOnlyForDeploymentPostprocessing = 0;
		};
/* End PBXFrameworksBuildPhase section */

/* Begin PBXGroup section */
		326A3ECE20ADBF6E00F489C2 /* ViewControllers */ = {
			isa = PBXGroup;
			children = (
				326A3ECF20ADBFA800F489C2 /* TableViewController.swift */,
			);
			path = ViewControllers;
			sourceTree = "<group>";
		};
		326F052320AC7ABA0032EBA8 = {
			isa = PBXGroup;
			children = (
				326F052E20AC7ABA0032EBA8 /* foodsharingapp */,
				326F052D20AC7ABA0032EBA8 /* Products */,
			);
			sourceTree = "<group>";
		};
		326F052D20AC7ABA0032EBA8 /* Products */ = {
			isa = PBXGroup;
			children = (
				326F052C20AC7ABA0032EBA8 /* foodsharingapp.app */,
			);
			name = Products;
			sourceTree = "<group>";
		};
		326F052E20AC7ABA0032EBA8 /* foodsharingapp */ = {
			isa = PBXGroup;
			children = (
				326A3ECE20ADBF6E00F489C2 /* ViewControllers */,
				326F052F20AC7ABA0032EBA8 /* AppDelegate.swift */,
				326F053320AC7ABA0032EBA8 /* Main.storyboard */,
				326F053620AC7ABC0032EBA8 /* Assets.xcassets */,
				326F053820AC7ABC0032EBA8 /* LaunchScreen.storyboard */,
				326F053B20AC7ABC0032EBA8 /* Info.plist */,
			);
			path = foodsharingapp;
			sourceTree = "<group>";
		};
/* End PBXGroup section */

/* Begin PBXNativeTarget section */
		326F052B20AC7ABA0032EBA8 /* foodsharingapp */ = {
			isa = PBXNativeTarget;
			buildConfigurationList = 326F053E20AC7ABC0032EBA8 /* Build configuration list for PBXNativeTarget "foodsharingapp" */;
			buildPhases = (
				326F052820AC7ABA0032EBA8 /* Sources */,
				326F052920AC7ABA0032EBA8 /* Frameworks */,
				326F052A20AC7ABA0032EBA8 /* Resources */,
			);
			buildRules = (
			);
			dependencies = (
			);
			name = foodsharingapp;
			productName = foodsharingapp;
			productReference = 326F052C20AC7ABA0032EBA8 /* foodsharingapp.app */;
			productType = "com.apple.product-type.application";
		};
/* End PBXNativeTarget section */

/* Begin PBXProject section */
		326F052420AC7ABA0032EBA8 /* Project object */ = {
			isa = PBXProject;
			attributes = {
				LastSwiftUpdateCheck = 0930;
				LastUpgradeCheck = 0930;
				ORGANIZATIONNAME = "Dirk Hulverscheidt";
				TargetAttributes = {
					326F052B20AC7ABA0032EBA8 = {
						CreatedOnToolsVersion = 9.3.1;
					};
				};
			};
			buildConfigurationList = 326F052720AC7ABA0032EBA8 /* Build configuration list for PBXProject "foodsharingapp" */;
			compatibilityVersion = "Xcode 9.3";
			developmentRegion = en;
			hasScannedForEncodings = 0;
			knownRegions = (
				en,
				Base,
			);
			mainGroup = 326F052320AC7ABA0032EBA8;
			productRefGroup = 326F052D20AC7ABA0032EBA8 /* Products */;
			projectDirPath = "";
			projectRoot = "";
			targets = (
				326F052B20AC7ABA0032EBA8 /* foodsharingapp */,
			);
		};
/* End PBXProject section */

/* Begin PBXResourcesBuildPhase section */
		326F052A20AC7ABA0032EBA8 /* Resources */ = {
			isa = PBXResourcesBuildPhase;
			buildActionMask = 2147483647;
			files = (
				326F053A20AC7ABC0032EBA8 /* LaunchScreen.storyboard in Resources */,
				326F053720AC7ABC0032EBA8 /* Assets.xcassets in Resources */,
				326F053520AC7ABA0032EBA8 /* Main.storyboard in Resources */,
			);
			runOnlyForDeploymentPostprocessing = 0;
		};
/* End PBXResourcesBuildPhase section */

/* Begin PBXSourcesBuildPhase section */
		326F052820AC7ABA0032EBA8 /* Sources */ = {
			isa = PBXSourcesBuildPhase;
			buildActionMask = 2147483647;
			files = (
				326F053020AC7ABA0032EBA8 /* AppDelegate.swift in Sources */,
				326A3ED020ADBFA800F489C2 /* TableViewController.swift in Sources */,
			);
			runOnlyForDeploymentPostprocessing = 0;
		};
/* End PBXSourcesBuildPhase section */

/* Begin PBXVariantGroup section */
		326F053320AC7ABA0032EBA8 /* Main.storyboard */ = {
			isa = PBXVariantGroup;
			children = (
				326F053420AC7ABA0032EBA8 /* Base */,
			);
			name = Main.storyboard;
			sourceTree = "<group>";
		};
		326F053820AC7ABC0032EBA8 /* LaunchScreen.storyboard */ = {
			isa = PBXVariantGroup;
			children = (
				326F053920AC7ABC0032EBA8 /* Base */,
			);
			name = LaunchScreen.storyboard;
			sourceTree = "<group>";
		};
/* End PBXVariantGroup section */

/* Begin XCBuildConfiguration section */
		326F053C20AC7ABC0032EBA8 /* Debug */ = {
			isa = XCBuildConfiguration;
			buildSettings = {
				ALWAYS_SEARCH_USER_PATHS = NO;
				CLANG_ANALYZER_NONNULL = YES;
				CLANG_ANALYZER_NUMBER_OBJECT_CONVERSION = YES_AGGRESSIVE;
				CLANG_CXX_LANGUAGE_STANDARD = "gnu++14";
				CLANG_CXX_LIBRARY = "libc++";
				CLANG_ENABLE_MODULES = YES;
				CLANG_ENABLE_OBJC_ARC = YES;
				CLANG_ENABLE_OBJC_WEAK = YES;
				CLANG_WARN_BLOCK_CAPTURE_AUTORELEASING = YES;
				CLANG_WARN_BOOL_CONVERSION = YES;
				CLANG_WARN_COMMA = YES;
				CLANG_WARN_CONSTANT_CONVERSION = YES;
				CLANG_WARN_DEPRECATED_OBJC_IMPLEMENTATIONS = YES;
				CLANG_WARN_DIRECT_OBJC_ISA_USAGE = YES_ERROR;
				CLANG_WARN_DOCUMENTATION_COMMENTS = YES;
				CLANG_WARN_EMPTY_BODY = YES;
				CLANG_WARN_ENUM_CONVERSION = YES;
				CLANG_WARN_INFINITE_RECURSION = YES;
				CLANG_WARN_INT_CONVERSION = YES;
				CLANG_WARN_NON_LITERAL_NULL_CONVERSION = YES;
				CLANG_WARN_OBJC_IMPLICIT_RETAIN_SELF = YES;
				CLANG_WARN_OBJC_LITERAL_CONVERSION = YES;
				CLANG_WARN_OBJC_ROOT_CLASS = YES_ERROR;
				CLANG_WARN_RANGE_LOOP_ANALYSIS = YES;
				CLANG_WARN_STRICT_PROTOTYPES = YES;
				CLANG_WARN_SUSPICIOUS_MOVE = YES;
				CLANG_WARN_UNGUARDED_AVAILABILITY = YES_AGGRESSIVE;
				CLANG_WARN_UNREACHABLE_CODE = YES;
				CLANG_WARN__DUPLICATE_METHOD_MATCH = YES;
				CODE_SIGN_IDENTITY = "iPhone Developer";
				COPY_PHASE_STRIP = NO;
				DEBUG_INFORMATION_FORMAT = dwarf;
				ENABLE_STRICT_OBJC_MSGSEND = YES;
				ENABLE_TESTABILITY = YES;
				GCC_C_LANGUAGE_STANDARD = gnu11;
				GCC_DYNAMIC_NO_PIC = NO;
				GCC_NO_COMMON_BLOCKS = YES;
				GCC_OPTIMIZATION_LEVEL = 0;
				GCC_PREPROCESSOR_DEFINITIONS = (
					"DEBUG=1",
					"$(inherited)",
				);
				GCC_WARN_64_TO_32_BIT_CONVERSION = YES;
				GCC_WARN_ABOUT_RETURN_TYPE = YES_ERROR;
				GCC_WARN_UNDECLARED_SELECTOR = YES;
				GCC_WARN_UNINITIALIZED_AUTOS = YES_AGGRESSIVE;
				GCC_WARN_UNUSED_FUNCTION = YES;
				GCC_WARN_UNUSED_VARIABLE = YES;
				IPHONEOS_DEPLOYMENT_TARGET = 11.3;
				MTL_ENABLE_DEBUG_INFO = YES;
				ONLY_ACTIVE_ARCH = YES;
				SDKROOT = iphoneos;
				SWIFT_ACTIVE_COMPILATION_CONDITIONS = DEBUG;
				SWIFT_OPTIMIZATION_LEVEL = "-Onone";
			};
			name = Debug;
		};
		326F053D20AC7ABC0032EBA8 /* Release */ = {
			isa = XCBuildConfiguration;
			buildSettings = {
				ALWAYS_SEARCH_USER_PATHS = NO;
				CLANG_ANALYZER_NONNULL = YES;
				CLANG_ANALYZER_NUMBER_OBJECT_CONVERSION = YES_AGGRESSIVE;
				CLANG_CXX_LANGUAGE_STANDARD = "gnu++14";
				CLANG_CXX_LIBRARY = "libc++";
				CLANG_ENABLE_MODULES = YES;
				CLANG_ENABLE_OBJC_ARC = YES;
				CLANG_ENABLE_OBJC_WEAK = YES;
				CLANG_WARN_BLOCK_CAPTURE_AUTORELEASING = YES;
				CLANG_WARN_BOOL_CONVERSION = YES;
				CLANG_WARN_COMMA = YES;
				CLANG_WARN_CONSTANT_CONVERSION = YES;
				CLANG_WARN_DEPRECATED_OBJC_IMPLEMENTATIONS = YES;
				CLANG_WARN_DIRECT_OBJC_ISA_USAGE = YES_ERROR;
				CLANG_WARN_DOCUMENTATION_COMMENTS = YES;
				CLANG_WARN_EMPTY_BODY = YES;
				CLANG_WARN_ENUM_CONVERSION = YES;
				CLANG_WARN_INFINITE_RECURSION = YES;
				CLANG_WARN_INT_CONVERSION = YES;
				CLANG_WARN_NON_LITERAL_NULL_CONVERSION = YES;
				CLANG_WARN_OBJC_IMPLICIT_RETAIN_SELF = YES;
				CLANG_WARN_OBJC_LITERAL_CONVERSION = YES;
				CLANG_WARN_OBJC_ROOT_CLASS = YES_ERROR;
				CLANG_WARN_RANGE_LOOP_ANALYSIS = YES;
				CLANG_WARN_STRICT_PROTOTYPES = YES;
				CLANG_WARN_SUSPICIOUS_MOVE = YES;
				CLANG_WARN_UNGUARDED_AVAILABILITY = YES_AGGRESSIVE;
				CLANG_WARN_UNREACHABLE_CODE = YES;
				CLANG_WARN__DUPLICATE_METHOD_MATCH = YES;
				CODE_SIGN_IDENTITY = "iPhone Developer";
				COPY_PHASE_STRIP = NO;
				DEBUG_INFORMATION_FORMAT = "dwarf-with-dsym";
				ENABLE_NS_ASSERTIONS = NO;
				ENABLE_STRICT_OBJC_MSGSEND = YES;
				GCC_C_LANGUAGE_STANDARD = gnu11;
				GCC_NO_COMMON_BLOCKS = YES;
				GCC_WARN_64_TO_32_BIT_CONVERSION = YES;
				GCC_WARN_ABOUT_RETURN_TYPE = YES_ERROR;
				GCC_WARN_UNDECLARED_SELECTOR = YES;
				GCC_WARN_UNINITIALIZED_AUTOS = YES_AGGRESSIVE;
				GCC_WARN_UNUSED_FUNCTION = YES;
				GCC_WARN_UNUSED_VARIABLE = YES;
				IPHONEOS_DEPLOYMENT_TARGET = 11.3;
				MTL_ENABLE_DEBUG_INFO = NO;
				SDKROOT = iphoneos;
				SWIFT_COMPILATION_MODE = wholemodule;
				SWIFT_OPTIMIZATION_LEVEL = "-O";
				VALIDATE_PRODUCT = YES;
			};
			name = Release;
		};
		326F053F20AC7ABC0032EBA8 /* Debug */ = {
			isa = XCBuildConfiguration;
			buildSettings = {
				ASSETCATALOG_COMPILER_APPICON_NAME = AppIcon;
				CODE_SIGN_STYLE = Automatic;
				DEVELOPMENT_TEAM = PQGF24BYJ7;
				INFOPLIST_FILE = foodsharingapp/Info.plist;
				LD_RUNPATH_SEARCH_PATHS = (
					"$(inherited)",
					"@executable_path/Frameworks",
				);
				PRODUCT_BUNDLE_IDENTIFIER = dirkhulverscheidt.foodsharingapp;
				PRODUCT_NAME = "$(TARGET_NAME)";
				SWIFT_VERSION = 4.0;
				TARGETED_DEVICE_FAMILY = "1,2";
			};
			name = Debug;
		};
		326F054020AC7ABC0032EBA8 /* Release */ = {
			isa = XCBuildConfiguration;
			buildSettings = {
				ASSETCATALOG_COMPILER_APPICON_NAME = AppIcon;
				CODE_SIGN_STYLE = Automatic;
				DEVELOPMENT_TEAM = PQGF24BYJ7;
				INFOPLIST_FILE = foodsharingapp/Info.plist;
				LD_RUNPATH_SEARCH_PATHS = (
					"$(inherited)",
					"@executable_path/Frameworks",
				);
				PRODUCT_BUNDLE_IDENTIFIER = dirkhulverscheidt.foodsharingapp;
				PRODUCT_NAME = "$(TARGET_NAME)";
				SWIFT_VERSION = 4.0;
				TARGETED_DEVICE_FAMILY = "1,2";
			};
			name = Release;
		};
/* End XCBuildConfiguration section */

/* Begin XCConfigurationList section */
		326F052720AC7ABA0032EBA8 /* Build configuration list for PBXProject "foodsharingapp" */ = {
			isa = XCConfigurationList;
			buildConfigurations = (
				326F053C20AC7ABC0032EBA8 /* Debug */,
				326F053D20AC7ABC0032EBA8 /* Release */,
			);
			defaultConfigurationIsVisible = 0;
			defaultConfigurationName = Release;
		};
		326F053E20AC7ABC0032EBA8 /* Build configuration list for PBXNativeTarget "foodsharingapp" */ = {
			isa = XCConfigurationList;
			buildConfigurations = (
				326F053F20AC7ABC0032EBA8 /* Debug */,
				326F054020AC7ABC0032EBA8 /* Release */,
			);
			defaultConfigurationIsVisible = 0;
			defaultConfigurationName = Release;
		};
/* End XCConfigurationList section */
	};
	rootObject = 326F052420AC7ABA0032EBA8 /* Project object */;
}
